
Microsoft Visual Studio Solution File, Format Version 12.00
# Visual Studio Version 16
VisualStudioVersion = 16.0.29728.190
MinimumVisualStudioVersion = 10.0.40219.1
Project("{FAE04EC0-301F-11D3-BF4B-00C04F79EFBC}") = "MTO1", "MTO1\MTO1.csproj", "{BE47CB79-273E-4618-BDE5-7BDF0BF8EBA3}"
EndProject
Global
	GlobalSection(SolutionConfigurationPlatforms) = preSolution
		Debug|Any CPU = Debug|Any CPU
		Release|Any CPU = Release|Any CPU
	EndGlobalSection
	GlobalSection(ProjectConfigurationPlatforms) = postSolution
		{BE47CB79-273E-4618-BDE5-7BDF0BF8EBA3}.Debug|Any CPU.ActiveCfg = Debug|Any CPU
		{BE47CB79-273E-4618-BDE5-7BDF0BF8EBA3}.Debug|Any CPU.Build.0 = Debug|Any CPU
		{BE47CB79-273E-4618-BDE5-7BDF0BF8EBA3}.Release|Any CPU.ActiveCfg = Release|Any CPU
		{BE47CB79-273E-4618-BDE5-7BDF0BF8EBA3}.Release|Any CPU.Build.0 = Release|Any CPU
	EndGlobalSection
	GlobalSection(SolutionProperties) = preSolution
		HideSolutionNode = FALSE
	EndGlobalSection
	GlobalSection(ExtensibilityGlobals) = postSolution
		SolutionGuid = {7B0CE871-2454-482E-B47C-281629140F42}
	EndGlobalSection
EndGlobal
